
Microsoft Visual Studio Solution File, Format Version 12.00
# Visual Studio Version 17
VisualStudioVersion = 17.10.35013.160
MinimumVisualStudioVersion = 10.0.40219.1
Project("{FAE04EC0-301F-11D3-BF4B-00C04F79EFBC}") = "BrochaGorda5363922", "BrochaGorda5363922\BrochaGorda5363922.csproj", "{64066942-E2DD-4EFC-AF96-8AADDAD5EA60}"
EndProject
Global
	GlobalSection(SolutionConfigurationPlatforms) = preSolution
		Debug|Any CPU = Debug|Any CPU
		Release|Any CPU = Release|Any CPU
	EndGlobalSection
	GlobalSection(ProjectConfigurationPlatforms) = postSolution
		{64066942-E2DD-4EFC-AF96-8AADDAD5EA60}.Debug|Any CPU.ActiveCfg = Debug|Any CPU
		{64066942-E2DD-4EFC-AF96-8AADDAD5EA60}.Debug|Any CPU.Build.0 = Debug|Any CPU
		{64066942-E2DD-4EFC-AF96-8AADDAD5EA60}.Debug|Any CPU.Deploy.0 = Debug|Any CPU
		{64066942-E2DD-4EFC-AF96-8AADDAD5EA60}.Release|Any CPU.ActiveCfg = Release|Any CPU
		{64066942-E2DD-4EFC-AF96-8AADDAD5EA60}.Release|Any CPU.Build.0 = Release|Any CPU
		{64066942-E2DD-4EFC-AF96-8AADDAD5EA60}.Release|Any CPU.Deploy.0 = Release|Any CPU
	EndGlobalSection
	GlobalSection(SolutionProperties) = preSolution
		HideSolutionNode = FALSE
	EndGlobalSection
	GlobalSection(ExtensibilityGlobals) = postSolution
		SolutionGuid = {F4326768-A1C3-4E27-AB5B-ACA916EBC3AC}
	EndGlobalSection
EndGlobal
